
Microsoft Visual Studio Solution File, Format Version 12.00
# Visual Studio 2012
Project("{FAE04EC0-301F-11D3-BF4B-00C04F79EFBC}") = "PIM", "PIM.csproj", "{7713DDDE-8B46-43EA-97A3-08CD7AACC095}"
EndProject
Global
	GlobalSection(SolutionConfigurationPlatforms) = preSolution
		Debug|Any CPU = Debug|Any CPU
		Release|Any CPU = Release|Any CPU
	EndGlobalSection
	GlobalSection(ProjectConfigurationPlatforms) = postSolution
		{7713DDDE-8B46-43EA-97A3-08CD7AACC095}.Debug|Any CPU.ActiveCfg = Debug|Any CPU
		{7713DDDE-8B46-43EA-97A3-08CD7AACC095}.Debug|Any CPU.Build.0 = Debug|Any CPU
		{7713DDDE-8B46-43EA-97A3-08CD7AACC095}.Release|Any CPU.ActiveCfg = Release|Any CPU
		{7713DDDE-8B46-43EA-97A3-08CD7AACC095}.Release|Any CPU.Build.0 = Release|Any CPU
	EndGlobalSection
	GlobalSection(SolutionProperties) = preSolution
		HideSolutionNode = FALSE
	EndGlobalSection
EndGlobal
